
Microsoft Visual Studio Solution File, Format Version 12.00
# Visual Studio Version 16
VisualStudioVersion = 16.0.31005.135
MinimumVisualStudioVersion = 10.0.40219.1
Project("{9A19103F-16F7-4668-BE54-9A1E7A4F7556}") = "Ev.Domain", "Ev.Domain\Ev.Domain.csproj", "{CCE3DD9F-C013-43A8-8ADF-EADEEA47F433}"
EndProject
Project("{2150E333-8FDC-42A3-9474-1A3956D46DE8}") = "Tests", "Tests", "{278A116E-83C9-46B7-B63B-9FAE5983441D}"
EndProject
Project("{9A19103F-16F7-4668-BE54-9A1E7A4F7556}") = "Ev.Helpers", "Ev.Helpers\Ev.Helpers.csproj", "{C42B0A08-4ACF-4178-92E1-F91B4F5CF2C0}"
EndProject
Project("{9A19103F-16F7-4668-BE54-9A1E7A4F7556}") = "Ev.Game", "Ev.Game\Ev.Game.csproj", "{2BAA49A6-002A-4A26-BB91-E23682FD0B53}"
EndProject
Project("{9A19103F-16F7-4668-BE54-9A1E7A4F7556}") = "Ev.Serialization", "Ev.Serialization\Ev.Serialization.csproj", "{6E030A59-D9AC-45CE-97CA-2C6D501CBA24}"
EndProject
Project("{2150E333-8FDC-42A3-9474-1A3956D46DE8}") = "Samples", "Samples", "{B010C880-9368-441C-9940-FA8D686DE31B}"
EndProject
Project("{9A19103F-16F7-4668-BE54-9A1E7A4F7556}") = "Ev.Domain.Tests.Unit", "Tests\Ev.Domain.Tests.Unit\Ev.Domain.Tests.Unit.csproj", "{5887325A-D4E5-48CE-8447-81877DB29874}"
EndProject
Project("{9A19103F-16F7-4668-BE54-9A1E7A4F7556}") = "Ev.Tests.Integration", "Tests\Ev.Tests.Integration\Ev.Tests.Integration.csproj", "{ABF12CC8-7215-4CC8-A788-F2DC2C83FA8C}"
EndProject
Project("{2150E333-8FDC-42A3-9474-1A3956D46DE8}") = "Maps", "Maps", "{6CCF6072-8D0F-4CAE-93B2-FD9265916A22}"
	ProjectSection(SolutionItems) = preProject
		Samples\Maps\map_16_4.txt = Samples\Maps\map_16_4.txt
		Samples\Maps\map_32_6.txt = Samples\Maps\map_32_6.txt
		Samples\Maps\map_6_2.txt = Samples\Maps\map_6_2.txt
	EndProjectSection
EndProject
Project("{9A19103F-16F7-4668-BE54-9A1E7A4F7556}") = "Ev.Game.gRPC", "Ev.Game.gRPC\Ev.Game.gRPC.csproj", "{A0B80EF4-F56F-4A9F-A1B8-C4319F2E1659}"
EndProject
Project("{2150E333-8FDC-42A3-9474-1A3956D46DE8}") = "Agents", "Agents", "{B22171F1-5E58-4B4A-B5E4-C6092D9C8AB3}"
EndProject
Project("{9A19103F-16F7-4668-BE54-9A1E7A4F7556}") = "Ev.Samples.Behaviours", "Samples\Ev.Samples.Behaviours\Ev.Samples.Behaviours.csproj", "{8AE22B0F-C543-4F3D-BBC8-AA5283200DE0}"
EndProject
Project("{9A19103F-16F7-4668-BE54-9A1E7A4F7556}") = "Ev.Agents.Core", "Agents\Ev.Agents.Core\Ev.Agents.Core.csproj", "{DFDC985F-F5F7-497F-AC70-08B9F8FF3C1A}"
EndProject
Project("{9A19103F-16F7-4668-BE54-9A1E7A4F7556}") = "Ev.Agents.Tribe", "Agents\Ev.Agents.Tribe\Ev.Agents.Tribe.csproj", "{461F4FEF-2D9D-488F-A149-41EF14A3F139}"
EndProject
Project("{9A19103F-16F7-4668-BE54-9A1E7A4F7556}") = "Ev.Samples.HelloTribe", "Samples\Ev.Samples.HelloTribe\Ev.Samples.HelloTribe.csproj", "{E6695C0F-C7AA-456A-9D56-430530C3328F}"
EndProject
Project("{9A19103F-16F7-4668-BE54-9A1E7A4F7556}") = "Ev.Samples.MultiTribe", "Samples\Ev.Samples.MultiTribe\Ev.Samples.MultiTribe.csproj", "{E93EFD8A-40D5-42F9-B0CC-02CFEA7CA26A}"
EndProject
Project("{9A19103F-16F7-4668-BE54-9A1E7A4F7556}") = "Ev.Agents.GameMaster", "Agents\Ev.Agents.GameMaster\Ev.Agents.GameMaster.csproj", "{D341936A-325E-4F28-ADBE-5DD78941FB3A}"
EndProject
Project("{9A19103F-16F7-4668-BE54-9A1E7A4F7556}") = "Ev.Samples.GameMaster", "Samples\Ev.Samples.GameMaster\Ev.Samples.GameMaster.csproj", "{3CBC1FA7-64F7-454D-973E-61F248A99560}"
EndProject
Project("{FAE04EC0-301F-11D3-BF4B-00C04F79EFBC}") = "Ev.Samples.SingleTribe", "Samples\Ev.Samples.SingleTribe\Ev.Samples.SingleTribe.csproj", "{3C5B05ED-14C3-45F6-8AD0-708FCBD559D1}"
EndProject
Project("{FAE04EC0-301F-11D3-BF4B-00C04F79EFBC}") = "Ev.Agents.Spectator", "Agents\Ev.Agents.Spectator\Ev.Agents.Spectator.csproj", "{3FACEF74-59F6-433A-8FCD-F90F2CF7DE23}"
EndProject
Project("{FAE04EC0-301F-11D3-BF4B-00C04F79EFBC}") = "Ev.Samples.SameProcess", "Samples\Ev.Samples.SameProcess\Ev.Samples.SameProcess.csproj", "{16006CCF-2B9D-40D5-B8A9-F8BC1FAE94EB}"
EndProject
Global
	GlobalSection(SolutionConfigurationPlatforms) = preSolution
		Debug|Any CPU = Debug|Any CPU
		Release|Any CPU = Release|Any CPU
	EndGlobalSection
	GlobalSection(ProjectConfigurationPlatforms) = postSolution
		{CCE3DD9F-C013-43A8-8ADF-EADEEA47F433}.Debug|Any CPU.ActiveCfg = Debug|Any CPU
		{CCE3DD9F-C013-43A8-8ADF-EADEEA47F433}.Debug|Any CPU.Build.0 = Debug|Any CPU
		{CCE3DD9F-C013-43A8-8ADF-EADEEA47F433}.Release|Any CPU.ActiveCfg = Release|Any CPU
		{CCE3DD9F-C013-43A8-8ADF-EADEEA47F433}.Release|Any CPU.Build.0 = Release|Any CPU
		{C42B0A08-4ACF-4178-92E1-F91B4F5CF2C0}.Debug|Any CPU.ActiveCfg = Debug|Any CPU
		{C42B0A08-4ACF-4178-92E1-F91B4F5CF2C0}.Debug|Any CPU.Build.0 = Debug|Any CPU
		{C42B0A08-4ACF-4178-92E1-F91B4F5CF2C0}.Release|Any CPU.ActiveCfg = Release|Any CPU
		{C42B0A08-4ACF-4178-92E1-F91B4F5CF2C0}.Release|Any CPU.Build.0 = Release|Any CPU
		{2BAA49A6-002A-4A26-BB91-E23682FD0B53}.Debug|Any CPU.ActiveCfg = Debug|Any CPU
		{2BAA49A6-002A-4A26-BB91-E23682FD0B53}.Debug|Any CPU.Build.0 = Debug|Any CPU
		{2BAA49A6-002A-4A26-BB91-E23682FD0B53}.Release|Any CPU.ActiveCfg = Release|Any CPU
		{2BAA49A6-002A-4A26-BB91-E23682FD0B53}.Release|Any CPU.Build.0 = Release|Any CPU
		{6E030A59-D9AC-45CE-97CA-2C6D501CBA24}.Debug|Any CPU.ActiveCfg = Debug|Any CPU
		{6E030A59-D9AC-45CE-97CA-2C6D501CBA24}.Debug|Any CPU.Build.0 = Debug|Any CPU
		{6E030A59-D9AC-45CE-97CA-2C6D501CBA24}.Release|Any CPU.ActiveCfg = Release|Any CPU
		{6E030A59-D9AC-45CE-97CA-2C6D501CBA24}.Release|Any CPU.Build.0 = Release|Any CPU
		{5887325A-D4E5-48CE-8447-81877DB29874}.Debug|Any CPU.ActiveCfg = Debug|Any CPU
		{5887325A-D4E5-48CE-8447-81877DB29874}.Debug|Any CPU.Build.0 = Debug|Any CPU
		{5887325A-D4E5-48CE-8447-81877DB29874}.Release|Any CPU.ActiveCfg = Release|Any CPU
		{5887325A-D4E5-48CE-8447-81877DB29874}.Release|Any CPU.Build.0 = Release|Any CPU
		{ABF12CC8-7215-4CC8-A788-F2DC2C83FA8C}.Debug|Any CPU.ActiveCfg = Debug|Any CPU
		{ABF12CC8-7215-4CC8-A788-F2DC2C83FA8C}.Debug|Any CPU.Build.0 = Debug|Any CPU
		{ABF12CC8-7215-4CC8-A788-F2DC2C83FA8C}.Release|Any CPU.ActiveCfg = Release|Any CPU
		{ABF12CC8-7215-4CC8-A788-F2DC2C83FA8C}.Release|Any CPU.Build.0 = Release|Any CPU
		{A0B80EF4-F56F-4A9F-A1B8-C4319F2E1659}.Debug|Any CPU.ActiveCfg = Debug|Any CPU
		{A0B80EF4-F56F-4A9F-A1B8-C4319F2E1659}.Debug|Any CPU.Build.0 = Debug|Any CPU
		{A0B80EF4-F56F-4A9F-A1B8-C4319F2E1659}.Release|Any CPU.ActiveCfg = Release|Any CPU
		{A0B80EF4-F56F-4A9F-A1B8-C4319F2E1659}.Release|Any CPU.Build.0 = Release|Any CPU
		{8AE22B0F-C543-4F3D-BBC8-AA5283200DE0}.Debug|Any CPU.ActiveCfg = Debug|Any CPU
		{8AE22B0F-C543-4F3D-BBC8-AA5283200DE0}.Debug|Any CPU.Build.0 = Debug|Any CPU
		{8AE22B0F-C543-4F3D-BBC8-AA5283200DE0}.Release|Any CPU.ActiveCfg = Release|Any CPU
		{8AE22B0F-C543-4F3D-BBC8-AA5283200DE0}.Release|Any CPU.Build.0 = Release|Any CPU
		{DFDC985F-F5F7-497F-AC70-08B9F8FF3C1A}.Debug|Any CPU.ActiveCfg = Debug|Any CPU
		{DFDC985F-F5F7-497F-AC70-08B9F8FF3C1A}.Debug|Any CPU.Build.0 = Debug|Any CPU
		{DFDC985F-F5F7-497F-AC70-08B9F8FF3C1A}.Release|Any CPU.ActiveCfg = Release|Any CPU
		{DFDC985F-F5F7-497F-AC70-08B9F8FF3C1A}.Release|Any CPU.Build.0 = Release|Any CPU
		{461F4FEF-2D9D-488F-A149-41EF14A3F139}.Debug|Any CPU.ActiveCfg = Debug|Any CPU
		{461F4FEF-2D9D-488F-A149-41EF14A3F139}.Debug|Any CPU.Build.0 = Debug|Any CPU
		{461F4FEF-2D9D-488F-A149-41EF14A3F139}.Release|Any CPU.ActiveCfg = Release|Any CPU
		{461F4FEF-2D9D-488F-A149-41EF14A3F139}.Release|Any CPU.Build.0 = Release|Any CPU
		{E6695C0F-C7AA-456A-9D56-430530C3328F}.Debug|Any CPU.ActiveCfg = Debug|Any CPU
		{E6695C0F-C7AA-456A-9D56-430530C3328F}.Debug|Any CPU.Build.0 = Debug|Any CPU
		{E6695C0F-C7AA-456A-9D56-430530C3328F}.Release|Any CPU.ActiveCfg = Release|Any CPU
		{E6695C0F-C7AA-456A-9D56-430530C3328F}.Release|Any CPU.Build.0 = Release|Any CPU
		{E93EFD8A-40D5-42F9-B0CC-02CFEA7CA26A}.Debug|Any CPU.ActiveCfg = Debug|Any CPU
		{E93EFD8A-40D5-42F9-B0CC-02CFEA7CA26A}.Debug|Any CPU.Build.0 = Debug|Any CPU
		{E93EFD8A-40D5-42F9-B0CC-02CFEA7CA26A}.Release|Any CPU.ActiveCfg = Release|Any CPU
		{E93EFD8A-40D5-42F9-B0CC-02CFEA7CA26A}.Release|Any CPU.Build.0 = Release|Any CPU
		{D341936A-325E-4F28-ADBE-5DD78941FB3A}.Debug|Any CPU.ActiveCfg = Debug|Any CPU
		{D341936A-325E-4F28-ADBE-5DD78941FB3A}.Debug|Any CPU.Build.0 = Debug|Any CPU
		{D341936A-325E-4F28-ADBE-5DD78941FB3A}.Release|Any CPU.ActiveCfg = Release|Any CPU
		{D341936A-325E-4F28-ADBE-5DD78941FB3A}.Release|Any CPU.Build.0 = Release|Any CPU
		{3CBC1FA7-64F7-454D-973E-61F248A99560}.Debug|Any CPU.ActiveCfg = Debug|Any CPU
		{3CBC1FA7-64F7-454D-973E-61F248A99560}.Debug|Any CPU.Build.0 = Debug|Any CPU
		{3CBC1FA7-64F7-454D-973E-61F248A99560}.Release|Any CPU.ActiveCfg = Release|Any CPU
		{3CBC1FA7-64F7-454D-973E-61F248A99560}.Release|Any CPU.Build.0 = Release|Any CPU
		{3C5B05ED-14C3-45F6-8AD0-708FCBD559D1}.Debug|Any CPU.ActiveCfg = Debug|Any CPU
		{3C5B05ED-14C3-45F6-8AD0-708FCBD559D1}.Debug|Any CPU.Build.0 = Debug|Any CPU
		{3C5B05ED-14C3-45F6-8AD0-708FCBD559D1}.Release|Any CPU.ActiveCfg = Release|Any CPU
		{3C5B05ED-14C3-45F6-8AD0-708FCBD559D1}.Release|Any CPU.Build.0 = Release|Any CPU
		{3FACEF74-59F6-433A-8FCD-F90F2CF7DE23}.Debug|Any CPU.ActiveCfg = Debug|Any CPU
		{3FACEF74-59F6-433A-8FCD-F90F2CF7DE23}.Debug|Any CPU.Build.0 = Debug|Any CPU
		{3FACEF74-59F6-433A-8FCD-F90F2CF7DE23}.Release|Any CPU.ActiveCfg = Release|Any CPU
		{3FACEF74-59F6-433A-8FCD-F90F2CF7DE23}.Release|Any CPU.Build.0 = Release|Any CPU
		{16006CCF-2B9D-40D5-B8A9-F8BC1FAE94EB}.Debug|Any CPU.ActiveCfg = Debug|Any CPU
		{16006CCF-2B9D-40D5-B8A9-F8BC1FAE94EB}.Debug|Any CPU.Build.0 = Debug|Any CPU
		{16006CCF-2B9D-40D5-B8A9-F8BC1FAE94EB}.Release|Any CPU.ActiveCfg = Release|Any CPU
		{16006CCF-2B9D-40D5-B8A9-F8BC1FAE94EB}.Release|Any CPU.Build.0 = Release|Any CPU
	EndGlobalSection
	GlobalSection(SolutionProperties) = preSolution
		HideSolutionNode = FALSE
	EndGlobalSection
	GlobalSection(NestedProjects) = preSolution
		{5887325A-D4E5-48CE-8447-81877DB29874} = {278A116E-83C9-46B7-B63B-9FAE5983441D}
		{ABF12CC8-7215-4CC8-A788-F2DC2C83FA8C} = {278A116E-83C9-46B7-B63B-9FAE5983441D}
		{6CCF6072-8D0F-4CAE-93B2-FD9265916A22} = {B010C880-9368-441C-9940-FA8D686DE31B}
		{8AE22B0F-C543-4F3D-BBC8-AA5283200DE0} = {B010C880-9368-441C-9940-FA8D686DE31B}
		{DFDC985F-F5F7-497F-AC70-08B9F8FF3C1A} = {B22171F1-5E58-4B4A-B5E4-C6092D9C8AB3}
		{461F4FEF-2D9D-488F-A149-41EF14A3F139} = {B22171F1-5E58-4B4A-B5E4-C6092D9C8AB3}
		{E6695C0F-C7AA-456A-9D56-430530C3328F} = {B010C880-9368-441C-9940-FA8D686DE31B}
		{E93EFD8A-40D5-42F9-B0CC-02CFEA7CA26A} = {B010C880-9368-441C-9940-FA8D686DE31B}
		{D341936A-325E-4F28-ADBE-5DD78941FB3A} = {B22171F1-5E58-4B4A-B5E4-C6092D9C8AB3}
		{3CBC1FA7-64F7-454D-973E-61F248A99560} = {B010C880-9368-441C-9940-FA8D686DE31B}
		{3C5B05ED-14C3-45F6-8AD0-708FCBD559D1} = {B010C880-9368-441C-9940-FA8D686DE31B}
		{3FACEF74-59F6-433A-8FCD-F90F2CF7DE23} = {B22171F1-5E58-4B4A-B5E4-C6092D9C8AB3}
		{16006CCF-2B9D-40D5-B8A9-F8BC1FAE94EB} = {B010C880-9368-441C-9940-FA8D686DE31B}
	EndGlobalSection
	GlobalSection(ExtensibilityGlobals) = postSolution
		SolutionGuid = {5D00402E-BD7C-4383-B525-115F8D214A53}
	EndGlobalSection
EndGlobal
