
Microsoft Visual Studio Solution File, Format Version 12.00
# Visual Studio Version 16
VisualStudioVersion = 16.0.31005.135
MinimumVisualStudioVersion = 10.0.40219.1
Project("{2150E333-8FDC-42A3-9474-1A3956D46DE8}") = "Client", "Client", "{1FBC6D33-E7C2-497D-A455-7468DA6E6A9B}"
EndProject
Project("{2150E333-8FDC-42A3-9474-1A3956D46DE8}") = "Server", "Server", "{6559010C-C364-4909-AE05-570E9CE94465}"
EndProject
Project("{2150E333-8FDC-42A3-9474-1A3956D46DE8}") = "Infrastructure", "Infrastructure", "{BC723368-38F2-4B7C-A0F7-9E07A30AB703}"
EndProject
Project("{2150E333-8FDC-42A3-9474-1A3956D46DE8}") = "Common", "Common", "{B7315C01-7083-46DE-B828-DC999CE09EAC}"
EndProject
Project("{2150E333-8FDC-42A3-9474-1A3956D46DE8}") = "Samples", "Samples", "{DABF9178-27F7-4334-AB2A-A9431B9A6E85}"
EndProject
Project("{2150E333-8FDC-42A3-9474-1A3956D46DE8}") = "Maps", "Maps", "{ABB8F3F1-8F25-4DE8-80AF-7901E7C0ACDA}"
	ProjectSection(SolutionItems) = preProject
		Samples\Maps\map_16_4.txt = Samples\Maps\map_16_4.txt
		Samples\Maps\map_32_6.txt = Samples\Maps\map_32_6.txt
		Samples\Maps\map_6_2.txt = Samples\Maps\map_6_2.txt
	EndProjectSection
EndProject
Project("{9A19103F-16F7-4668-BE54-9A1E7A4F7556}") = "Ev.Domain.Client", "Client\Ev.Domain.Client\Ev.Domain.Client.csproj", "{0B17A153-D4FC-498F-8B9D-6A67504E7FBD}"
EndProject
Project("{9A19103F-16F7-4668-BE54-9A1E7A4F7556}") = "Ev.Domain.Client.Core", "Client\Ev.Domain.Client.Core\Ev.Domain.Client.Core.csproj", "{99247A9C-69B3-4B61-84EC-A8D0C31314BA}"
EndProject
Project("{9A19103F-16F7-4668-BE54-9A1E7A4F7556}") = "Ev.Common", "Common\Ev.Common\Ev.Common.csproj", "{8E654E09-747C-4BF9-BBB4-165D6AD5EA07}"
EndProject
Project("{9A19103F-16F7-4668-BE54-9A1E7A4F7556}") = "Ev.Infrastructure", "Infrastructure\Ev.Infrastructure\Ev.Infrastructure.csproj", "{2396691F-9345-4A31-B045-4AE31C648B4F}"
EndProject
Project("{9A19103F-16F7-4668-BE54-9A1E7A4F7556}") = "Ev.Infrastructure.Core", "Infrastructure\Ev.Infrastructure.Core\Ev.Infrastructure.Core.csproj", "{FB9DCB84-A647-4186-A2AC-06A762C22D17}"
EndProject
Project("{2150E333-8FDC-42A3-9474-1A3956D46DE8}") = "Behaviours", "Behaviours", "{ECA4B850-287C-4B67-859C-75E6D11BA21E}"
EndProject
Project("{9A19103F-16F7-4668-BE54-9A1E7A4F7556}") = "Ev.Samples.Behaviours", "Samples\Behaviours\Ev.Samples.Behaviours\Ev.Samples.Behaviours.csproj", "{65F42D93-954B-48EE-9EB6-20DA2976B3DE}"
EndProject
Project("{9A19103F-16F7-4668-BE54-9A1E7A4F7556}") = "Ev.Domain.Server", "Server\Ev.Domain.Server\Ev.Domain.Server.csproj", "{A9FF0824-AC38-440A-8C80-A0C8B6E8436E}"
EndProject
Project("{9A19103F-16F7-4668-BE54-9A1E7A4F7556}") = "Ev.Domain.Server.Core", "Server\Ev.Domain.Server.Core\Ev.Domain.Server.Core.csproj", "{06197839-403E-4BF9-AF3D-A63AA9F4F2FF}"
EndProject
Project("{9A19103F-16F7-4668-BE54-9A1E7A4F7556}") = "Ev.Helpers", "Server\Ev.Helpers\Ev.Helpers.csproj", "{9F259F50-450D-4819-92ED-4AE951A1A585}"
EndProject
Project("{9A19103F-16F7-4668-BE54-9A1E7A4F7556}") = "Ev.Serialization", "Server\Ev.Serialization\Ev.Serialization.csproj", "{7968CE38-3E78-4754-BB42-BD61D2F5F64B}"
EndProject
Project("{9A19103F-16F7-4668-BE54-9A1E7A4F7556}") = "Ev.Game.Console", "Ev.Game.Console\Ev.Game.Console.csproj", "{8457339E-C3CF-48DD-AF6A-474D402D0AD7}"
EndProject
Project("{9A19103F-16F7-4668-BE54-9A1E7A4F7556}") = "Ev.Domain.Server.Tests", "Server\Ev.Domain.Server.Tests\Ev.Domain.Server.Tests.csproj", "{B6B6E4F8-59BF-49AD-A7DD-4B4ECF80FD1B}"
EndProject
Project("{9A19103F-16F7-4668-BE54-9A1E7A4F7556}") = "Ev.Domain.Client.Tests", "Client\Ev.Domain.Client.Tests\Ev.Domain.Client.Tests.csproj", "{4203D641-D241-429A-9708-D5D4705FBFF3}"
EndProject
Project("{2150E333-8FDC-42A3-9474-1A3956D46DE8}") = "Tests", "Tests", "{8509296B-36A3-4775-AAFE-6DB916CBC0E4}"
EndProject
Project("{9A19103F-16F7-4668-BE54-9A1E7A4F7556}") = "Ev.Tests.Integration", "Tests\Ev.Tests.Integration\Ev.Tests.Integration.csproj", "{4D5ECF87-F47D-4783-8497-A70A844DB815}"
EndProject
Project("{9A19103F-16F7-4668-BE54-9A1E7A4F7556}") = "Ev.Game.Server", "Server\Ev.Game.Server\Ev.Game.Server.csproj", "{84A8BCA6-DC95-4874-BAE9-8E0AA9623B24}"
EndProject
Project("{FAE04EC0-301F-11D3-BF4B-00C04F79EFBC}") = "Ev.Infrastructure.Tests", "Infrastructure\Ev.Infrastructure.Tests\Ev.Infrastructure.Tests.csproj", "{E9514F7C-538C-48B8-A441-4C5FDB31BECF}"
EndProject
Project("{FAE04EC0-301F-11D3-BF4B-00C04F79EFBC}") = "Ev.Game.Server.Tests", "Server\Ev.Game.Server.Tests\Ev.Game.Server.Tests.csproj", "{06706E17-9DE9-4760-9502-90E0BB441984}"
EndProject
Global
	GlobalSection(SolutionConfigurationPlatforms) = preSolution
		Debug|Any CPU = Debug|Any CPU
		Release|Any CPU = Release|Any CPU
	EndGlobalSection
	GlobalSection(ProjectConfigurationPlatforms) = postSolution
		{0B17A153-D4FC-498F-8B9D-6A67504E7FBD}.Debug|Any CPU.ActiveCfg = Debug|Any CPU
		{0B17A153-D4FC-498F-8B9D-6A67504E7FBD}.Debug|Any CPU.Build.0 = Debug|Any CPU
		{0B17A153-D4FC-498F-8B9D-6A67504E7FBD}.Release|Any CPU.ActiveCfg = Release|Any CPU
		{0B17A153-D4FC-498F-8B9D-6A67504E7FBD}.Release|Any CPU.Build.0 = Release|Any CPU
		{99247A9C-69B3-4B61-84EC-A8D0C31314BA}.Debug|Any CPU.ActiveCfg = Debug|Any CPU
		{99247A9C-69B3-4B61-84EC-A8D0C31314BA}.Debug|Any CPU.Build.0 = Debug|Any CPU
		{99247A9C-69B3-4B61-84EC-A8D0C31314BA}.Release|Any CPU.ActiveCfg = Release|Any CPU
		{99247A9C-69B3-4B61-84EC-A8D0C31314BA}.Release|Any CPU.Build.0 = Release|Any CPU
		{8E654E09-747C-4BF9-BBB4-165D6AD5EA07}.Debug|Any CPU.ActiveCfg = Debug|Any CPU
		{8E654E09-747C-4BF9-BBB4-165D6AD5EA07}.Debug|Any CPU.Build.0 = Debug|Any CPU
		{8E654E09-747C-4BF9-BBB4-165D6AD5EA07}.Release|Any CPU.ActiveCfg = Release|Any CPU
		{8E654E09-747C-4BF9-BBB4-165D6AD5EA07}.Release|Any CPU.Build.0 = Release|Any CPU
		{2396691F-9345-4A31-B045-4AE31C648B4F}.Debug|Any CPU.ActiveCfg = Debug|Any CPU
		{2396691F-9345-4A31-B045-4AE31C648B4F}.Debug|Any CPU.Build.0 = Debug|Any CPU
		{2396691F-9345-4A31-B045-4AE31C648B4F}.Release|Any CPU.ActiveCfg = Release|Any CPU
		{2396691F-9345-4A31-B045-4AE31C648B4F}.Release|Any CPU.Build.0 = Release|Any CPU
		{FB9DCB84-A647-4186-A2AC-06A762C22D17}.Debug|Any CPU.ActiveCfg = Debug|Any CPU
		{FB9DCB84-A647-4186-A2AC-06A762C22D17}.Debug|Any CPU.Build.0 = Debug|Any CPU
		{FB9DCB84-A647-4186-A2AC-06A762C22D17}.Release|Any CPU.ActiveCfg = Release|Any CPU
		{FB9DCB84-A647-4186-A2AC-06A762C22D17}.Release|Any CPU.Build.0 = Release|Any CPU
		{65F42D93-954B-48EE-9EB6-20DA2976B3DE}.Debug|Any CPU.ActiveCfg = Debug|Any CPU
		{65F42D93-954B-48EE-9EB6-20DA2976B3DE}.Debug|Any CPU.Build.0 = Debug|Any CPU
		{65F42D93-954B-48EE-9EB6-20DA2976B3DE}.Release|Any CPU.ActiveCfg = Release|Any CPU
		{65F42D93-954B-48EE-9EB6-20DA2976B3DE}.Release|Any CPU.Build.0 = Release|Any CPU
		{A9FF0824-AC38-440A-8C80-A0C8B6E8436E}.Debug|Any CPU.ActiveCfg = Debug|Any CPU
		{A9FF0824-AC38-440A-8C80-A0C8B6E8436E}.Debug|Any CPU.Build.0 = Debug|Any CPU
		{A9FF0824-AC38-440A-8C80-A0C8B6E8436E}.Release|Any CPU.ActiveCfg = Release|Any CPU
		{A9FF0824-AC38-440A-8C80-A0C8B6E8436E}.Release|Any CPU.Build.0 = Release|Any CPU
		{06197839-403E-4BF9-AF3D-A63AA9F4F2FF}.Debug|Any CPU.ActiveCfg = Debug|Any CPU
		{06197839-403E-4BF9-AF3D-A63AA9F4F2FF}.Debug|Any CPU.Build.0 = Debug|Any CPU
		{06197839-403E-4BF9-AF3D-A63AA9F4F2FF}.Release|Any CPU.ActiveCfg = Release|Any CPU
		{06197839-403E-4BF9-AF3D-A63AA9F4F2FF}.Release|Any CPU.Build.0 = Release|Any CPU
		{9F259F50-450D-4819-92ED-4AE951A1A585}.Debug|Any CPU.ActiveCfg = Debug|Any CPU
		{9F259F50-450D-4819-92ED-4AE951A1A585}.Debug|Any CPU.Build.0 = Debug|Any CPU
		{9F259F50-450D-4819-92ED-4AE951A1A585}.Release|Any CPU.ActiveCfg = Release|Any CPU
		{9F259F50-450D-4819-92ED-4AE951A1A585}.Release|Any CPU.Build.0 = Release|Any CPU
		{7968CE38-3E78-4754-BB42-BD61D2F5F64B}.Debug|Any CPU.ActiveCfg = Debug|Any CPU
		{7968CE38-3E78-4754-BB42-BD61D2F5F64B}.Debug|Any CPU.Build.0 = Debug|Any CPU
		{7968CE38-3E78-4754-BB42-BD61D2F5F64B}.Release|Any CPU.ActiveCfg = Release|Any CPU
		{7968CE38-3E78-4754-BB42-BD61D2F5F64B}.Release|Any CPU.Build.0 = Release|Any CPU
		{8457339E-C3CF-48DD-AF6A-474D402D0AD7}.Debug|Any CPU.ActiveCfg = Debug|Any CPU
		{8457339E-C3CF-48DD-AF6A-474D402D0AD7}.Debug|Any CPU.Build.0 = Debug|Any CPU
		{8457339E-C3CF-48DD-AF6A-474D402D0AD7}.Release|Any CPU.ActiveCfg = Release|Any CPU
		{8457339E-C3CF-48DD-AF6A-474D402D0AD7}.Release|Any CPU.Build.0 = Release|Any CPU
		{B6B6E4F8-59BF-49AD-A7DD-4B4ECF80FD1B}.Debug|Any CPU.ActiveCfg = Debug|Any CPU
		{B6B6E4F8-59BF-49AD-A7DD-4B4ECF80FD1B}.Debug|Any CPU.Build.0 = Debug|Any CPU
		{B6B6E4F8-59BF-49AD-A7DD-4B4ECF80FD1B}.Release|Any CPU.ActiveCfg = Release|Any CPU
		{B6B6E4F8-59BF-49AD-A7DD-4B4ECF80FD1B}.Release|Any CPU.Build.0 = Release|Any CPU
		{4203D641-D241-429A-9708-D5D4705FBFF3}.Debug|Any CPU.ActiveCfg = Debug|Any CPU
		{4203D641-D241-429A-9708-D5D4705FBFF3}.Debug|Any CPU.Build.0 = Debug|Any CPU
		{4203D641-D241-429A-9708-D5D4705FBFF3}.Release|Any CPU.ActiveCfg = Release|Any CPU
		{4203D641-D241-429A-9708-D5D4705FBFF3}.Release|Any CPU.Build.0 = Release|Any CPU
		{4D5ECF87-F47D-4783-8497-A70A844DB815}.Debug|Any CPU.ActiveCfg = Debug|Any CPU
		{4D5ECF87-F47D-4783-8497-A70A844DB815}.Debug|Any CPU.Build.0 = Debug|Any CPU
		{4D5ECF87-F47D-4783-8497-A70A844DB815}.Release|Any CPU.ActiveCfg = Release|Any CPU
		{4D5ECF87-F47D-4783-8497-A70A844DB815}.Release|Any CPU.Build.0 = Release|Any CPU
		{84A8BCA6-DC95-4874-BAE9-8E0AA9623B24}.Debug|Any CPU.ActiveCfg = Debug|Any CPU
		{84A8BCA6-DC95-4874-BAE9-8E0AA9623B24}.Debug|Any CPU.Build.0 = Debug|Any CPU
		{84A8BCA6-DC95-4874-BAE9-8E0AA9623B24}.Release|Any CPU.ActiveCfg = Release|Any CPU
		{84A8BCA6-DC95-4874-BAE9-8E0AA9623B24}.Release|Any CPU.Build.0 = Release|Any CPU
		{E9514F7C-538C-48B8-A441-4C5FDB31BECF}.Debug|Any CPU.ActiveCfg = Debug|Any CPU
		{E9514F7C-538C-48B8-A441-4C5FDB31BECF}.Debug|Any CPU.Build.0 = Debug|Any CPU
		{E9514F7C-538C-48B8-A441-4C5FDB31BECF}.Release|Any CPU.ActiveCfg = Release|Any CPU
		{E9514F7C-538C-48B8-A441-4C5FDB31BECF}.Release|Any CPU.Build.0 = Release|Any CPU
		{06706E17-9DE9-4760-9502-90E0BB441984}.Debug|Any CPU.ActiveCfg = Debug|Any CPU
		{06706E17-9DE9-4760-9502-90E0BB441984}.Debug|Any CPU.Build.0 = Debug|Any CPU
		{06706E17-9DE9-4760-9502-90E0BB441984}.Release|Any CPU.ActiveCfg = Release|Any CPU
		{06706E17-9DE9-4760-9502-90E0BB441984}.Release|Any CPU.Build.0 = Release|Any CPU
	EndGlobalSection
	GlobalSection(SolutionProperties) = preSolution
		HideSolutionNode = FALSE
	EndGlobalSection
	GlobalSection(NestedProjects) = preSolution
		{ABB8F3F1-8F25-4DE8-80AF-7901E7C0ACDA} = {DABF9178-27F7-4334-AB2A-A9431B9A6E85}
		{0B17A153-D4FC-498F-8B9D-6A67504E7FBD} = {1FBC6D33-E7C2-497D-A455-7468DA6E6A9B}
		{99247A9C-69B3-4B61-84EC-A8D0C31314BA} = {1FBC6D33-E7C2-497D-A455-7468DA6E6A9B}
		{8E654E09-747C-4BF9-BBB4-165D6AD5EA07} = {B7315C01-7083-46DE-B828-DC999CE09EAC}
		{2396691F-9345-4A31-B045-4AE31C648B4F} = {BC723368-38F2-4B7C-A0F7-9E07A30AB703}
		{FB9DCB84-A647-4186-A2AC-06A762C22D17} = {BC723368-38F2-4B7C-A0F7-9E07A30AB703}
		{ECA4B850-287C-4B67-859C-75E6D11BA21E} = {DABF9178-27F7-4334-AB2A-A9431B9A6E85}
		{65F42D93-954B-48EE-9EB6-20DA2976B3DE} = {ECA4B850-287C-4B67-859C-75E6D11BA21E}
		{A9FF0824-AC38-440A-8C80-A0C8B6E8436E} = {6559010C-C364-4909-AE05-570E9CE94465}
		{06197839-403E-4BF9-AF3D-A63AA9F4F2FF} = {6559010C-C364-4909-AE05-570E9CE94465}
		{9F259F50-450D-4819-92ED-4AE951A1A585} = {6559010C-C364-4909-AE05-570E9CE94465}
		{7968CE38-3E78-4754-BB42-BD61D2F5F64B} = {6559010C-C364-4909-AE05-570E9CE94465}
		{B6B6E4F8-59BF-49AD-A7DD-4B4ECF80FD1B} = {8509296B-36A3-4775-AAFE-6DB916CBC0E4}
		{4203D641-D241-429A-9708-D5D4705FBFF3} = {8509296B-36A3-4775-AAFE-6DB916CBC0E4}
		{4D5ECF87-F47D-4783-8497-A70A844DB815} = {8509296B-36A3-4775-AAFE-6DB916CBC0E4}
		{84A8BCA6-DC95-4874-BAE9-8E0AA9623B24} = {6559010C-C364-4909-AE05-570E9CE94465}
		{E9514F7C-538C-48B8-A441-4C5FDB31BECF} = {8509296B-36A3-4775-AAFE-6DB916CBC0E4}
		{06706E17-9DE9-4760-9502-90E0BB441984} = {8509296B-36A3-4775-AAFE-6DB916CBC0E4}
	EndGlobalSection
	GlobalSection(ExtensibilityGlobals) = postSolution
		SolutionGuid = {5D00402E-BD7C-4383-B525-115F8D214A53}
	EndGlobalSection
EndGlobal
