
Microsoft Visual Studio Solution File, Format Version 12.00
# Visual Studio Version 16
VisualStudioVersion = 16.0.31005.135
MinimumVisualStudioVersion = 10.0.40219.1
Project("{9A19103F-16F7-4668-BE54-9A1E7A4F7556}") = "Ev.Domain", "Ev.Domain\Ev.Domain.csproj", "{CCE3DD9F-C013-43A8-8ADF-EADEEA47F433}"
EndProject
Project("{2150E333-8FDC-42A3-9474-1A3956D46DE8}") = "Tests", "Tests", "{278A116E-83C9-46B7-B63B-9FAE5983441D}"
EndProject
Project("{9A19103F-16F7-4668-BE54-9A1E7A4F7556}") = "Ev.Helpers", "Ev.Helpers\Ev.Helpers.csproj", "{C42B0A08-4ACF-4178-92E1-F91B4F5CF2C0}"
EndProject
Project("{9A19103F-16F7-4668-BE54-9A1E7A4F7556}") = "Ev.Game.Console", "Ev.Game.Console\Ev.Game.Console.csproj", "{E1B3D9FD-EEF1-493D-ACAF-62EC83E3648C}"
EndProject
Project("{9A19103F-16F7-4668-BE54-9A1E7A4F7556}") = "Ev.Game", "Ev.Game\Ev.Game.csproj", "{2BAA49A6-002A-4A26-BB91-E23682FD0B53}"
EndProject
Project("{9A19103F-16F7-4668-BE54-9A1E7A4F7556}") = "Ev.Serialization", "Ev.Serialization\Ev.Serialization.csproj", "{6E030A59-D9AC-45CE-97CA-2C6D501CBA24}"
EndProject
Project("{2150E333-8FDC-42A3-9474-1A3956D46DE8}") = "Samples", "Samples", "{B010C880-9368-441C-9940-FA8D686DE31B}"
EndProject
Project("{9A19103F-16F7-4668-BE54-9A1E7A4F7556}") = "Ev.Samples.Behaviours", "Samples\Ev.Behaviours\Ev.Samples.Behaviours.csproj", "{9B9A6082-9F69-42B2-ABF6-0A7C307978BB}"
EndProject
Project("{9A19103F-16F7-4668-BE54-9A1E7A4F7556}") = "Ev.Domain.Tests.Unit", "Tests\Ev.Domain.Tests.Unit\Ev.Domain.Tests.Unit.csproj", "{5887325A-D4E5-48CE-8447-81877DB29874}"
EndProject
Project("{9A19103F-16F7-4668-BE54-9A1E7A4F7556}") = "Ev.Tests.Integration", "Tests\Ev.Tests.Integration\Ev.Tests.Integration.csproj", "{ABF12CC8-7215-4CC8-A788-F2DC2C83FA8C}"
EndProject
Project("{2150E333-8FDC-42A3-9474-1A3956D46DE8}") = "Maps", "Maps", "{6CCF6072-8D0F-4CAE-93B2-FD9265916A22}"
	ProjectSection(SolutionItems) = preProject
		Samples\Maps\map_16_4.txt = Samples\Maps\map_16_4.txt
		Samples\Maps\map_32_6.txt = Samples\Maps\map_32_6.txt
		Samples\Maps\map_6_2.txt = Samples\Maps\map_6_2.txt
	EndProjectSection
EndProject
Project("{2150E333-8FDC-42A3-9474-1A3956D46DE8}") = "NEW", "NEW", "{8851BF5C-CF59-4B63-BEDC-7B362897DC92}"
EndProject
Project("{2150E333-8FDC-42A3-9474-1A3956D46DE8}") = "Client", "Client", "{1FBC6D33-E7C2-497D-A455-7468DA6E6A9B}"
EndProject
Project("{2150E333-8FDC-42A3-9474-1A3956D46DE8}") = "Server", "Server", "{6559010C-C364-4909-AE05-570E9CE94465}"
EndProject
Project("{2150E333-8FDC-42A3-9474-1A3956D46DE8}") = "Infrastructure", "Infrastructure", "{BC723368-38F2-4B7C-A0F7-9E07A30AB703}"
EndProject
Project("{2150E333-8FDC-42A3-9474-1A3956D46DE8}") = "Common", "Common", "{B7315C01-7083-46DE-B828-DC999CE09EAC}"
EndProject
Project("{9A19103F-16F7-4668-BE54-9A1E7A4F7556}") = "Ev.Domain.Client", "NEW\Client\Ev.Domain.Client\Ev.Domain.Client.csproj", "{493A0459-0BFD-44CA-BBDE-AD8D488FA00A}"
EndProject
Project("{9A19103F-16F7-4668-BE54-9A1E7A4F7556}") = "Ev.Domain.Client.Core", "NEW\Client\Ev.Domain.Client.Core\Ev.Domain.Client.Core.csproj", "{DB83B761-246F-4527-9312-F97074FA2376}"
EndProject
Project("{9A19103F-16F7-4668-BE54-9A1E7A4F7556}") = "Ev.Common", "NEW\Common\Ev.Common\Ev.Common.csproj", "{9659D693-926F-4FAC-A48C-7554FB2848D2}"
EndProject
Project("{9A19103F-16F7-4668-BE54-9A1E7A4F7556}") = "Ev.Infrastructure", "NEW\Infrastructure\Ev.Infrastructure\Ev.Infrastructure.csproj", "{745F0C20-EAF2-4354-8ED0-349AEC7171BD}"
EndProject
Project("{9A19103F-16F7-4668-BE54-9A1E7A4F7556}") = "Ev.Infrastructure.Core", "NEW\Infrastructure\Ev.Infrastructure.Core\Ev.Infrastructure.Core.csproj", "{554C8156-72D2-4723-8F5D-5BFF1D79A7A5}"
EndProject
Project("{9A19103F-16F7-4668-BE54-9A1E7A4F7556}") = "Ev.Domain.Server", "NEW\Server\Ev.Domain.Server\Ev.Domain.Server.csproj", "{678AB416-1BEF-4D5B-B722-33E6F7CA0B35}"
EndProject
Project("{9A19103F-16F7-4668-BE54-9A1E7A4F7556}") = "Ev.Domain.Server.Core", "NEW\Server\Ev.Domain.Server.Core\Ev.Domain.Server.Core.csproj", "{2A6A9541-5C82-4079-AF7D-F3A4BB5B1EE7}"
EndProject
Project("{9A19103F-16F7-4668-BE54-9A1E7A4F7556}") = "Ev.Game.Console", "NEW\Ev.Game.Console\Ev.Game.Console.csproj", "{697DC78B-3EEB-42A1-9260-52D11E6753BC}"
EndProject
Global
	GlobalSection(SolutionConfigurationPlatforms) = preSolution
		Debug|Any CPU = Debug|Any CPU
		Release|Any CPU = Release|Any CPU
	EndGlobalSection
	GlobalSection(ProjectConfigurationPlatforms) = postSolution
		{CCE3DD9F-C013-43A8-8ADF-EADEEA47F433}.Debug|Any CPU.ActiveCfg = Debug|Any CPU
		{CCE3DD9F-C013-43A8-8ADF-EADEEA47F433}.Debug|Any CPU.Build.0 = Debug|Any CPU
		{CCE3DD9F-C013-43A8-8ADF-EADEEA47F433}.Release|Any CPU.ActiveCfg = Release|Any CPU
		{CCE3DD9F-C013-43A8-8ADF-EADEEA47F433}.Release|Any CPU.Build.0 = Release|Any CPU
		{C42B0A08-4ACF-4178-92E1-F91B4F5CF2C0}.Debug|Any CPU.ActiveCfg = Debug|Any CPU
		{C42B0A08-4ACF-4178-92E1-F91B4F5CF2C0}.Debug|Any CPU.Build.0 = Debug|Any CPU
		{C42B0A08-4ACF-4178-92E1-F91B4F5CF2C0}.Release|Any CPU.ActiveCfg = Release|Any CPU
		{C42B0A08-4ACF-4178-92E1-F91B4F5CF2C0}.Release|Any CPU.Build.0 = Release|Any CPU
		{E1B3D9FD-EEF1-493D-ACAF-62EC83E3648C}.Debug|Any CPU.ActiveCfg = Debug|Any CPU
		{E1B3D9FD-EEF1-493D-ACAF-62EC83E3648C}.Debug|Any CPU.Build.0 = Debug|Any CPU
		{E1B3D9FD-EEF1-493D-ACAF-62EC83E3648C}.Release|Any CPU.ActiveCfg = Release|Any CPU
		{E1B3D9FD-EEF1-493D-ACAF-62EC83E3648C}.Release|Any CPU.Build.0 = Release|Any CPU
		{2BAA49A6-002A-4A26-BB91-E23682FD0B53}.Debug|Any CPU.ActiveCfg = Debug|Any CPU
		{2BAA49A6-002A-4A26-BB91-E23682FD0B53}.Debug|Any CPU.Build.0 = Debug|Any CPU
		{2BAA49A6-002A-4A26-BB91-E23682FD0B53}.Release|Any CPU.ActiveCfg = Release|Any CPU
		{2BAA49A6-002A-4A26-BB91-E23682FD0B53}.Release|Any CPU.Build.0 = Release|Any CPU
		{6E030A59-D9AC-45CE-97CA-2C6D501CBA24}.Debug|Any CPU.ActiveCfg = Debug|Any CPU
		{6E030A59-D9AC-45CE-97CA-2C6D501CBA24}.Debug|Any CPU.Build.0 = Debug|Any CPU
		{6E030A59-D9AC-45CE-97CA-2C6D501CBA24}.Release|Any CPU.ActiveCfg = Release|Any CPU
		{6E030A59-D9AC-45CE-97CA-2C6D501CBA24}.Release|Any CPU.Build.0 = Release|Any CPU
		{9B9A6082-9F69-42B2-ABF6-0A7C307978BB}.Debug|Any CPU.ActiveCfg = Debug|Any CPU
		{9B9A6082-9F69-42B2-ABF6-0A7C307978BB}.Debug|Any CPU.Build.0 = Debug|Any CPU
		{9B9A6082-9F69-42B2-ABF6-0A7C307978BB}.Release|Any CPU.ActiveCfg = Release|Any CPU
		{9B9A6082-9F69-42B2-ABF6-0A7C307978BB}.Release|Any CPU.Build.0 = Release|Any CPU
		{5887325A-D4E5-48CE-8447-81877DB29874}.Debug|Any CPU.ActiveCfg = Debug|Any CPU
		{5887325A-D4E5-48CE-8447-81877DB29874}.Debug|Any CPU.Build.0 = Debug|Any CPU
		{5887325A-D4E5-48CE-8447-81877DB29874}.Release|Any CPU.ActiveCfg = Release|Any CPU
		{5887325A-D4E5-48CE-8447-81877DB29874}.Release|Any CPU.Build.0 = Release|Any CPU
		{ABF12CC8-7215-4CC8-A788-F2DC2C83FA8C}.Debug|Any CPU.ActiveCfg = Debug|Any CPU
		{ABF12CC8-7215-4CC8-A788-F2DC2C83FA8C}.Debug|Any CPU.Build.0 = Debug|Any CPU
		{ABF12CC8-7215-4CC8-A788-F2DC2C83FA8C}.Release|Any CPU.ActiveCfg = Release|Any CPU
		{ABF12CC8-7215-4CC8-A788-F2DC2C83FA8C}.Release|Any CPU.Build.0 = Release|Any CPU
		{493A0459-0BFD-44CA-BBDE-AD8D488FA00A}.Debug|Any CPU.ActiveCfg = Debug|Any CPU
		{493A0459-0BFD-44CA-BBDE-AD8D488FA00A}.Debug|Any CPU.Build.0 = Debug|Any CPU
		{493A0459-0BFD-44CA-BBDE-AD8D488FA00A}.Release|Any CPU.ActiveCfg = Release|Any CPU
		{493A0459-0BFD-44CA-BBDE-AD8D488FA00A}.Release|Any CPU.Build.0 = Release|Any CPU
		{DB83B761-246F-4527-9312-F97074FA2376}.Debug|Any CPU.ActiveCfg = Debug|Any CPU
		{DB83B761-246F-4527-9312-F97074FA2376}.Debug|Any CPU.Build.0 = Debug|Any CPU
		{DB83B761-246F-4527-9312-F97074FA2376}.Release|Any CPU.ActiveCfg = Release|Any CPU
		{DB83B761-246F-4527-9312-F97074FA2376}.Release|Any CPU.Build.0 = Release|Any CPU
		{9659D693-926F-4FAC-A48C-7554FB2848D2}.Debug|Any CPU.ActiveCfg = Debug|Any CPU
		{9659D693-926F-4FAC-A48C-7554FB2848D2}.Debug|Any CPU.Build.0 = Debug|Any CPU
		{9659D693-926F-4FAC-A48C-7554FB2848D2}.Release|Any CPU.ActiveCfg = Release|Any CPU
		{9659D693-926F-4FAC-A48C-7554FB2848D2}.Release|Any CPU.Build.0 = Release|Any CPU
		{745F0C20-EAF2-4354-8ED0-349AEC7171BD}.Debug|Any CPU.ActiveCfg = Debug|Any CPU
		{745F0C20-EAF2-4354-8ED0-349AEC7171BD}.Debug|Any CPU.Build.0 = Debug|Any CPU
		{745F0C20-EAF2-4354-8ED0-349AEC7171BD}.Release|Any CPU.ActiveCfg = Release|Any CPU
		{745F0C20-EAF2-4354-8ED0-349AEC7171BD}.Release|Any CPU.Build.0 = Release|Any CPU
		{554C8156-72D2-4723-8F5D-5BFF1D79A7A5}.Debug|Any CPU.ActiveCfg = Debug|Any CPU
		{554C8156-72D2-4723-8F5D-5BFF1D79A7A5}.Debug|Any CPU.Build.0 = Debug|Any CPU
		{554C8156-72D2-4723-8F5D-5BFF1D79A7A5}.Release|Any CPU.ActiveCfg = Release|Any CPU
		{554C8156-72D2-4723-8F5D-5BFF1D79A7A5}.Release|Any CPU.Build.0 = Release|Any CPU
		{678AB416-1BEF-4D5B-B722-33E6F7CA0B35}.Debug|Any CPU.ActiveCfg = Debug|Any CPU
		{678AB416-1BEF-4D5B-B722-33E6F7CA0B35}.Debug|Any CPU.Build.0 = Debug|Any CPU
		{678AB416-1BEF-4D5B-B722-33E6F7CA0B35}.Release|Any CPU.ActiveCfg = Release|Any CPU
		{678AB416-1BEF-4D5B-B722-33E6F7CA0B35}.Release|Any CPU.Build.0 = Release|Any CPU
		{2A6A9541-5C82-4079-AF7D-F3A4BB5B1EE7}.Debug|Any CPU.ActiveCfg = Debug|Any CPU
		{2A6A9541-5C82-4079-AF7D-F3A4BB5B1EE7}.Debug|Any CPU.Build.0 = Debug|Any CPU
		{2A6A9541-5C82-4079-AF7D-F3A4BB5B1EE7}.Release|Any CPU.ActiveCfg = Release|Any CPU
		{2A6A9541-5C82-4079-AF7D-F3A4BB5B1EE7}.Release|Any CPU.Build.0 = Release|Any CPU
		{697DC78B-3EEB-42A1-9260-52D11E6753BC}.Debug|Any CPU.ActiveCfg = Debug|Any CPU
		{697DC78B-3EEB-42A1-9260-52D11E6753BC}.Debug|Any CPU.Build.0 = Debug|Any CPU
		{697DC78B-3EEB-42A1-9260-52D11E6753BC}.Release|Any CPU.ActiveCfg = Release|Any CPU
		{697DC78B-3EEB-42A1-9260-52D11E6753BC}.Release|Any CPU.Build.0 = Release|Any CPU
	EndGlobalSection
	GlobalSection(SolutionProperties) = preSolution
		HideSolutionNode = FALSE
	EndGlobalSection
	GlobalSection(NestedProjects) = preSolution
		{9B9A6082-9F69-42B2-ABF6-0A7C307978BB} = {B010C880-9368-441C-9940-FA8D686DE31B}
		{5887325A-D4E5-48CE-8447-81877DB29874} = {278A116E-83C9-46B7-B63B-9FAE5983441D}
		{ABF12CC8-7215-4CC8-A788-F2DC2C83FA8C} = {278A116E-83C9-46B7-B63B-9FAE5983441D}
		{6CCF6072-8D0F-4CAE-93B2-FD9265916A22} = {B010C880-9368-441C-9940-FA8D686DE31B}
		{1FBC6D33-E7C2-497D-A455-7468DA6E6A9B} = {8851BF5C-CF59-4B63-BEDC-7B362897DC92}
		{6559010C-C364-4909-AE05-570E9CE94465} = {8851BF5C-CF59-4B63-BEDC-7B362897DC92}
		{BC723368-38F2-4B7C-A0F7-9E07A30AB703} = {8851BF5C-CF59-4B63-BEDC-7B362897DC92}
		{B7315C01-7083-46DE-B828-DC999CE09EAC} = {8851BF5C-CF59-4B63-BEDC-7B362897DC92}
		{493A0459-0BFD-44CA-BBDE-AD8D488FA00A} = {1FBC6D33-E7C2-497D-A455-7468DA6E6A9B}
		{DB83B761-246F-4527-9312-F97074FA2376} = {1FBC6D33-E7C2-497D-A455-7468DA6E6A9B}
		{9659D693-926F-4FAC-A48C-7554FB2848D2} = {B7315C01-7083-46DE-B828-DC999CE09EAC}
		{745F0C20-EAF2-4354-8ED0-349AEC7171BD} = {BC723368-38F2-4B7C-A0F7-9E07A30AB703}
		{554C8156-72D2-4723-8F5D-5BFF1D79A7A5} = {BC723368-38F2-4B7C-A0F7-9E07A30AB703}
		{678AB416-1BEF-4D5B-B722-33E6F7CA0B35} = {6559010C-C364-4909-AE05-570E9CE94465}
		{2A6A9541-5C82-4079-AF7D-F3A4BB5B1EE7} = {6559010C-C364-4909-AE05-570E9CE94465}
		{697DC78B-3EEB-42A1-9260-52D11E6753BC} = {8851BF5C-CF59-4B63-BEDC-7B362897DC92}
	EndGlobalSection
	GlobalSection(ExtensibilityGlobals) = postSolution
		SolutionGuid = {5D00402E-BD7C-4383-B525-115F8D214A53}
	EndGlobalSection
EndGlobal
