
Microsoft Visual Studio Solution File, Format Version 12.00
# Visual Studio Version 16
VisualStudioVersion = 16.0.31019.35
MinimumVisualStudioVersion = 10.0.40219.1
Project("{FAE04EC0-301F-11D3-BF4B-00C04F79EFBC}") = "Ev_NEW", "Ev_NEW\Ev_NEW.csproj", "{833C84E0-9A28-4B1F-B9BD-DB0CD76067D2}"
EndProject
Project("{FAE04EC0-301F-11D3-BF4B-00C04F79EFBC}") = "Ev_Test", "Ev_Test\Ev_Test.csproj", "{59790260-B217-423C-AB3F-C67E39B5C1D9}"
EndProject
Project("{FAE04EC0-301F-11D3-BF4B-00C04F79EFBC}") = "UnitTestProject1", "UnitTestProject1\UnitTestProject1.csproj", "{E8A45664-7B6A-4578-B9C0-A364020C2638}"
EndProject
Global
	GlobalSection(SolutionConfigurationPlatforms) = preSolution
		Debug|Any CPU = Debug|Any CPU
		Release|Any CPU = Release|Any CPU
	EndGlobalSection
	GlobalSection(ProjectConfigurationPlatforms) = postSolution
		{833C84E0-9A28-4B1F-B9BD-DB0CD76067D2}.Debug|Any CPU.ActiveCfg = Debug|Any CPU
		{833C84E0-9A28-4B1F-B9BD-DB0CD76067D2}.Debug|Any CPU.Build.0 = Debug|Any CPU
		{833C84E0-9A28-4B1F-B9BD-DB0CD76067D2}.Release|Any CPU.ActiveCfg = Release|Any CPU
		{833C84E0-9A28-4B1F-B9BD-DB0CD76067D2}.Release|Any CPU.Build.0 = Release|Any CPU
		{59790260-B217-423C-AB3F-C67E39B5C1D9}.Debug|Any CPU.ActiveCfg = Debug|Any CPU
		{59790260-B217-423C-AB3F-C67E39B5C1D9}.Debug|Any CPU.Build.0 = Debug|Any CPU
		{59790260-B217-423C-AB3F-C67E39B5C1D9}.Release|Any CPU.ActiveCfg = Release|Any CPU
		{59790260-B217-423C-AB3F-C67E39B5C1D9}.Release|Any CPU.Build.0 = Release|Any CPU
		{E8A45664-7B6A-4578-B9C0-A364020C2638}.Debug|Any CPU.ActiveCfg = Debug|Any CPU
		{E8A45664-7B6A-4578-B9C0-A364020C2638}.Debug|Any CPU.Build.0 = Debug|Any CPU
		{E8A45664-7B6A-4578-B9C0-A364020C2638}.Release|Any CPU.ActiveCfg = Release|Any CPU
		{E8A45664-7B6A-4578-B9C0-A364020C2638}.Release|Any CPU.Build.0 = Release|Any CPU
	EndGlobalSection
	GlobalSection(SolutionProperties) = preSolution
		HideSolutionNode = FALSE
	EndGlobalSection
	GlobalSection(ExtensibilityGlobals) = postSolution
		SolutionGuid = {D3EEC0BE-B945-4117-BBD5-E021AEF88DAE}
	EndGlobalSection
EndGlobal
